
Microsoft Visual Studio Solution File, Format Version 12.00
# Visual Studio Version 17
VisualStudioVersion = 17.0.31903.59
MinimumVisualStudioVersion = 10.0.40219.1
Project("{2150E333-8FDC-42A3-9474-1A3956D46DE8}") = "src", "src", "{827E0CD3-B72D-47B6-A68D-7590B98EB39B}"
EndProject
Project("{FAE04EC0-301F-11D3-BF4B-00C04F79EFBC}") = "OrderControlTR.Domain", "src\OrderControlTR.Domain\OrderControlTR.Domain.csproj", "{A117BBA8-0DBA-429F-8146-5F6F0492C95F}"
EndProject
Project("{FAE04EC0-301F-11D3-BF4B-00C04F79EFBC}") = "OrderControlTR.Application", "src\OrderControlTR.Application\OrderControlTR.Application.csproj", "{6425D66D-4F7A-4D17-8DD7-C1AF51C7ED60}"
EndProject
Project("{FAE04EC0-301F-11D3-BF4B-00C04F79EFBC}") = "OrderControlTR.Infrastructure", "src\OrderControlTR.Infrastructure\OrderControlTR.Infrastructure.csproj", "{F711CFE1-5833-42F1-AF29-6A4273DA2F52}"
EndProject
Project("{FAE04EC0-301F-11D3-BF4B-00C04F79EFBC}") = "OrderControlTR.API", "src\OrderControlTR.API\OrderControlTR.API.csproj", "{F6C75790-BDB5-4DD2-A1AB-F9597B17ED57}"
EndProject
Project("{2150E333-8FDC-42A3-9474-1A3956D46DE8}") = "tests", "tests", "{0AB3BF05-4346-4AA6-1389-037BE0695223}"
EndProject
Project("{FAE04EC0-301F-11D3-BF4B-00C04F79EFBC}") = "OrderControlTR.Domain.Tests", "tests\OrderControlTR.Domain.Tests\OrderControlTR.Domain.Tests.csproj", "{5A0EF1F5-A05A-4960-88B3-A1542601ACE7}"
EndProject
Project("{FAE04EC0-301F-11D3-BF4B-00C04F79EFBC}") = "OrderControlTR.Application.Tests", "tests\OrderControlTR.Application.Tests\OrderControlTR.Application.Tests.csproj", "{65D80DF0-11FA-4D66-9D34-152EA1948F7F}"
EndProject
Project("{FAE04EC0-301F-11D3-BF4B-00C04F79EFBC}") = "OrderControlTR.API.Tests", "tests\OrderControlTR.API.Tests\OrderControlTR.API.Tests.csproj", "{1C8D29AF-5ADF-4DDB-AE9A-5FECF2341721}"
EndProject
Global
	GlobalSection(SolutionConfigurationPlatforms) = preSolution
		Debug|Any CPU = Debug|Any CPU
		Debug|x64 = Debug|x64
		Debug|x86 = Debug|x86
		Release|Any CPU = Release|Any CPU
		Release|x64 = Release|x64
		Release|x86 = Release|x86
	EndGlobalSection
	GlobalSection(ProjectConfigurationPlatforms) = postSolution
		{A117BBA8-0DBA-429F-8146-5F6F0492C95F}.Debug|Any CPU.ActiveCfg = Debug|Any CPU
		{A117BBA8-0DBA-429F-8146-5F6F0492C95F}.Debug|Any CPU.Build.0 = Debug|Any CPU
		{A117BBA8-0DBA-429F-8146-5F6F0492C95F}.Debug|x64.ActiveCfg = Debug|Any CPU
		{A117BBA8-0DBA-429F-8146-5F6F0492C95F}.Debug|x64.Build.0 = Debug|Any CPU
		{A117BBA8-0DBA-429F-8146-5F6F0492C95F}.Debug|x86.ActiveCfg = Debug|Any CPU
		{A117BBA8-0DBA-429F-8146-5F6F0492C95F}.Debug|x86.Build.0 = Debug|Any CPU
		{A117BBA8-0DBA-429F-8146-5F6F0492C95F}.Release|Any CPU.ActiveCfg = Release|Any CPU
		{A117BBA8-0DBA-429F-8146-5F6F0492C95F}.Release|Any CPU.Build.0 = Release|Any CPU
		{A117BBA8-0DBA-429F-8146-5F6F0492C95F}.Release|x64.ActiveCfg = Release|Any CPU
		{A117BBA8-0DBA-429F-8146-5F6F0492C95F}.Release|x64.Build.0 = Release|Any CPU
		{A117BBA8-0DBA-429F-8146-5F6F0492C95F}.Release|x86.ActiveCfg = Release|Any CPU
		{A117BBA8-0DBA-429F-8146-5F6F0492C95F}.Release|x86.Build.0 = Release|Any CPU
		{6425D66D-4F7A-4D17-8DD7-C1AF51C7ED60}.Debug|Any CPU.ActiveCfg = Debug|Any CPU
		{6425D66D-4F7A-4D17-8DD7-C1AF51C7ED60}.Debug|Any CPU.Build.0 = Debug|Any CPU
		{6425D66D-4F7A-4D17-8DD7-C1AF51C7ED60}.Debug|x64.ActiveCfg = Debug|Any CPU
		{6425D66D-4F7A-4D17-8DD7-C1AF51C7ED60}.Debug|x64.Build.0 = Debug|Any CPU
		{6425D66D-4F7A-4D17-8DD7-C1AF51C7ED60}.Debug|x86.ActiveCfg = Debug|Any CPU
		{6425D66D-4F7A-4D17-8DD7-C1AF51C7ED60}.Debug|x86.Build.0 = Debug|Any CPU
		{6425D66D-4F7A-4D17-8DD7-C1AF51C7ED60}.Release|Any CPU.ActiveCfg = Release|Any CPU
		{6425D66D-4F7A-4D17-8DD7-C1AF51C7ED60}.Release|Any CPU.Build.0 = Release|Any CPU
		{6425D66D-4F7A-4D17-8DD7-C1AF51C7ED60}.Release|x64.ActiveCfg = Release|Any CPU
		{6425D66D-4F7A-4D17-8DD7-C1AF51C7ED60}.Release|x64.Build.0 = Release|Any CPU
		{6425D66D-4F7A-4D17-8DD7-C1AF51C7ED60}.Release|x86.ActiveCfg = Release|Any CPU
		{6425D66D-4F7A-4D17-8DD7-C1AF51C7ED60}.Release|x86.Build.0 = Release|Any CPU
		{F711CFE1-5833-42F1-AF29-6A4273DA2F52}.Debug|Any CPU.ActiveCfg = Debug|Any CPU
		{F711CFE1-5833-42F1-AF29-6A4273DA2F52}.Debug|Any CPU.Build.0 = Debug|Any CPU
		{F711CFE1-5833-42F1-AF29-6A4273DA2F52}.Debug|x64.ActiveCfg = Debug|Any CPU
		{F711CFE1-5833-42F1-AF29-6A4273DA2F52}.Debug|x64.Build.0 = Debug|Any CPU
		{F711CFE1-5833-42F1-AF29-6A4273DA2F52}.Debug|x86.ActiveCfg = Debug|Any CPU
		{F711CFE1-5833-42F1-AF29-6A4273DA2F52}.Debug|x86.Build.0 = Debug|Any CPU
		{F711CFE1-5833-42F1-AF29-6A4273DA2F52}.Release|Any CPU.ActiveCfg = Release|Any CPU
		{F711CFE1-5833-42F1-AF29-6A4273DA2F52}.Release|Any CPU.Build.0 = Release|Any CPU
		{F711CFE1-5833-42F1-AF29-6A4273DA2F52}.Release|x64.ActiveCfg = Release|Any CPU
		{F711CFE1-5833-42F1-AF29-6A4273DA2F52}.Release|x64.Build.0 = Release|Any CPU
		{F711CFE1-5833-42F1-AF29-6A4273DA2F52}.Release|x86.ActiveCfg = Release|Any CPU
		{F711CFE1-5833-42F1-AF29-6A4273DA2F52}.Release|x86.Build.0 = Release|Any CPU
		{F6C75790-BDB5-4DD2-A1AB-F9597B17ED57}.Debug|Any CPU.ActiveCfg = Debug|Any CPU
		{F6C75790-BDB5-4DD2-A1AB-F9597B17ED57}.Debug|Any CPU.Build.0 = Debug|Any CPU
		{F6C75790-BDB5-4DD2-A1AB-F9597B17ED57}.Debug|x64.ActiveCfg = Debug|Any CPU
		{F6C75790-BDB5-4DD2-A1AB-F9597B17ED57}.Debug|x64.Build.0 = Debug|Any CPU
		{F6C75790-BDB5-4DD2-A1AB-F9597B17ED57}.Debug|x86.ActiveCfg = Debug|Any CPU
		{F6C75790-BDB5-4DD2-A1AB-F9597B17ED57}.Debug|x86.Build.0 = Debug|Any CPU
		{F6C75790-BDB5-4DD2-A1AB-F9597B17ED57}.Release|Any CPU.ActiveCfg = Release|Any CPU
		{F6C75790-BDB5-4DD2-A1AB-F9597B17ED57}.Release|Any CPU.Build.0 = Release|Any CPU
		{F6C75790-BDB5-4DD2-A1AB-F9597B17ED57}.Release|x64.ActiveCfg = Release|Any CPU
		{F6C75790-BDB5-4DD2-A1AB-F9597B17ED57}.Release|x64.Build.0 = Release|Any CPU
		{F6C75790-BDB5-4DD2-A1AB-F9597B17ED57}.Release|x86.ActiveCfg = Release|Any CPU
		{F6C75790-BDB5-4DD2-A1AB-F9597B17ED57}.Release|x86.Build.0 = Release|Any CPU
		{5A0EF1F5-A05A-4960-88B3-A1542601ACE7}.Debug|Any CPU.ActiveCfg = Debug|Any CPU
		{5A0EF1F5-A05A-4960-88B3-A1542601ACE7}.Debug|Any CPU.Build.0 = Debug|Any CPU
		{5A0EF1F5-A05A-4960-88B3-A1542601ACE7}.Debug|x64.ActiveCfg = Debug|Any CPU
		{5A0EF1F5-A05A-4960-88B3-A1542601ACE7}.Debug|x64.Build.0 = Debug|Any CPU
		{5A0EF1F5-A05A-4960-88B3-A1542601ACE7}.Debug|x86.ActiveCfg = Debug|Any CPU
		{5A0EF1F5-A05A-4960-88B3-A1542601ACE7}.Debug|x86.Build.0 = Debug|Any CPU
		{5A0EF1F5-A05A-4960-88B3-A1542601ACE7}.Release|Any CPU.ActiveCfg = Release|Any CPU
		{5A0EF1F5-A05A-4960-88B3-A1542601ACE7}.Release|Any CPU.Build.0 = Release|Any CPU
		{5A0EF1F5-A05A-4960-88B3-A1542601ACE7}.Release|x64.ActiveCfg = Release|Any CPU
		{5A0EF1F5-A05A-4960-88B3-A1542601ACE7}.Release|x64.Build.0 = Release|Any CPU
		{5A0EF1F5-A05A-4960-88B3-A1542601ACE7}.Release|x86.ActiveCfg = Release|Any CPU
		{5A0EF1F5-A05A-4960-88B3-A1542601ACE7}.Release|x86.Build.0 = Release|Any CPU
		{65D80DF0-11FA-4D66-9D34-152EA1948F7F}.Debug|Any CPU.ActiveCfg = Debug|Any CPU
		{65D80DF0-11FA-4D66-9D34-152EA1948F7F}.Debug|Any CPU.Build.0 = Debug|Any CPU
		{65D80DF0-11FA-4D66-9D34-152EA1948F7F}.Debug|x64.ActiveCfg = Debug|Any CPU
		{65D80DF0-11FA-4D66-9D34-152EA1948F7F}.Debug|x64.Build.0 = Debug|Any CPU
		{65D80DF0-11FA-4D66-9D34-152EA1948F7F}.Debug|x86.ActiveCfg = Debug|Any CPU
		{65D80DF0-11FA-4D66-9D34-152EA1948F7F}.Debug|x86.Build.0 = Debug|Any CPU
		{65D80DF0-11FA-4D66-9D34-152EA1948F7F}.Release|Any CPU.ActiveCfg = Release|Any CPU
		{65D80DF0-11FA-4D66-9D34-152EA1948F7F}.Release|Any CPU.Build.0 = Release|Any CPU
		{65D80DF0-11FA-4D66-9D34-152EA1948F7F}.Release|x64.ActiveCfg = Release|Any CPU
		{65D80DF0-11FA-4D66-9D34-152EA1948F7F}.Release|x64.Build.0 = Release|Any CPU
		{65D80DF0-11FA-4D66-9D34-152EA1948F7F}.Release|x86.ActiveCfg = Release|Any CPU
		{65D80DF0-11FA-4D66-9D34-152EA1948F7F}.Release|x86.Build.0 = Release|Any CPU
		{1C8D29AF-5ADF-4DDB-AE9A-5FECF2341721}.Debug|Any CPU.ActiveCfg = Debug|Any CPU
		{1C8D29AF-5ADF-4DDB-AE9A-5FECF2341721}.Debug|Any CPU.Build.0 = Debug|Any CPU
		{1C8D29AF-5ADF-4DDB-AE9A-5FECF2341721}.Debug|x64.ActiveCfg = Debug|Any CPU
		{1C8D29AF-5ADF-4DDB-AE9A-5FECF2341721}.Debug|x64.Build.0 = Debug|Any CPU
		{1C8D29AF-5ADF-4DDB-AE9A-5FECF2341721}.Debug|x86.ActiveCfg = Debug|Any CPU
		{1C8D29AF-5ADF-4DDB-AE9A-5FECF2341721}.Debug|x86.Build.0 = Debug|Any CPU
		{1C8D29AF-5ADF-4DDB-AE9A-5FECF2341721}.Release|Any CPU.ActiveCfg = Release|Any CPU
		{1C8D29AF-5ADF-4DDB-AE9A-5FECF2341721}.Release|Any CPU.Build.0 = Release|Any CPU
		{1C8D29AF-5ADF-4DDB-AE9A-5FECF2341721}.Release|x64.ActiveCfg = Release|Any CPU
		{1C8D29AF-5ADF-4DDB-AE9A-5FECF2341721}.Release|x64.Build.0 = Release|Any CPU
		{1C8D29AF-5ADF-4DDB-AE9A-5FECF2341721}.Release|x86.ActiveCfg = Release|Any CPU
		{1C8D29AF-5ADF-4DDB-AE9A-5FECF2341721}.Release|x86.Build.0 = Release|Any CPU
	EndGlobalSection
	GlobalSection(SolutionProperties) = preSolution
		HideSolutionNode = FALSE
	EndGlobalSection
	GlobalSection(NestedProjects) = preSolution
		{A117BBA8-0DBA-429F-8146-5F6F0492C95F} = {827E0CD3-B72D-47B6-A68D-7590B98EB39B}
		{6425D66D-4F7A-4D17-8DD7-C1AF51C7ED60} = {827E0CD3-B72D-47B6-A68D-7590B98EB39B}
		{F711CFE1-5833-42F1-AF29-6A4273DA2F52} = {827E0CD3-B72D-47B6-A68D-7590B98EB39B}
		{F6C75790-BDB5-4DD2-A1AB-F9597B17ED57} = {827E0CD3-B72D-47B6-A68D-7590B98EB39B}
		{5A0EF1F5-A05A-4960-88B3-A1542601ACE7} = {0AB3BF05-4346-4AA6-1389-037BE0695223}
		{65D80DF0-11FA-4D66-9D34-152EA1948F7F} = {0AB3BF05-4346-4AA6-1389-037BE0695223}
		{1C8D29AF-5ADF-4DDB-AE9A-5FECF2341721} = {0AB3BF05-4346-4AA6-1389-037BE0695223}
	EndGlobalSection
EndGlobal
