<Solution>
  <Folder Name="/src/">
    <Project Path="src/OrderControlTR.API/OrderControlTR.API.csproj" />
    <Project Path="src/OrderControlTR.Application/OrderControlTR.Application.csproj" />
    <Project Path="src/OrderControlTR.Domain/OrderControlTR.Domain.csproj" />
    <Project Path="src/OrderControlTR.Infrastructure/OrderControlTR.Infrastructure.csproj" />
  </Folder>
  <Folder Name="/tests/">
    <Project Path="tests/OrderControlTR.API.Tests/OrderControlTR.API.Tests.csproj" />
    <Project Path="tests/OrderControlTR.Application.Tests/OrderControlTR.Application.Tests.csproj" />
    <Project Path="tests/OrderControlTR.Domain.Tests/OrderControlTR.Domain.Tests.csproj" />
  </Folder>
</Solution>
